
Microsoft Visual Studio Solution File, Format Version 12.00
# Visual Studio Version 16
VisualStudioVersion = 16.0.30413.136
MinimumVisualStudioVersion = 10.0.40219.1
Project("{FAE04EC0-301F-11D3-BF4B-00C04F79EFBC}") = "calorator.UWP", "calorator\calorator.UWP\calorator.UWP.csproj", "{156A8AB1-ACC9-4357-BD9B-896A1675E8BB}"
EndProject
Project("{FAE04EC0-301F-11D3-BF4B-00C04F79EFBC}") = "calorator.Android", "calorator\calorator.Android\calorator.Android.csproj", "{B08077E9-471E-4EBB-9308-6561CBD1C1D9}"
EndProject
Project("{FAE04EC0-301F-11D3-BF4B-00C04F79EFBC}") = "calorator.iOS", "calorator\calorator.iOS\calorator.iOS.csproj", "{EFAA94A5-65B1-4D72-91E4-42435010317F}"
EndProject
Project("{9A19103F-16F7-4668-BE54-9A1E7A4F7556}") = "calorator", "calorator\calorator\calorator.csproj", "{E98E1333-2FB9-479A-95D7-735721122883}"
EndProject
Global
	GlobalSection(SolutionConfigurationPlatforms) = preSolution
		Debug|Any CPU = Debug|Any CPU
		Debug|ARM = Debug|ARM
		Debug|iPhone = Debug|iPhone
		Debug|iPhoneSimulator = Debug|iPhoneSimulator
		Debug|x64 = Debug|x64
		Debug|x86 = Debug|x86
		Release|Any CPU = Release|Any CPU
		Release|ARM = Release|ARM
		Release|iPhone = Release|iPhone
		Release|iPhoneSimulator = Release|iPhoneSimulator
		Release|x64 = Release|x64
		Release|x86 = Release|x86
	EndGlobalSection
	GlobalSection(ProjectConfigurationPlatforms) = postSolution
		{156A8AB1-ACC9-4357-BD9B-896A1675E8BB}.Debug|Any CPU.ActiveCfg = Debug|x86
		{156A8AB1-ACC9-4357-BD9B-896A1675E8BB}.Debug|Any CPU.Build.0 = Debug|x86
		{156A8AB1-ACC9-4357-BD9B-896A1675E8BB}.Debug|Any CPU.Deploy.0 = Debug|x86
		{156A8AB1-ACC9-4357-BD9B-896A1675E8BB}.Debug|ARM.ActiveCfg = Debug|ARM
		{156A8AB1-ACC9-4357-BD9B-896A1675E8BB}.Debug|ARM.Build.0 = Debug|ARM
		{156A8AB1-ACC9-4357-BD9B-896A1675E8BB}.Debug|ARM.Deploy.0 = Debug|ARM
		{156A8AB1-ACC9-4357-BD9B-896A1675E8BB}.Debug|iPhone.ActiveCfg = Debug|x86
		{156A8AB1-ACC9-4357-BD9B-896A1675E8BB}.Debug|iPhone.Build.0 = Debug|x86
		{156A8AB1-ACC9-4357-BD9B-896A1675E8BB}.Debug|iPhone.Deploy.0 = Debug|x86
		{156A8AB1-ACC9-4357-BD9B-896A1675E8BB}.Debug|iPhoneSimulator.ActiveCfg = Debug|x86
		{156A8AB1-ACC9-4357-BD9B-896A1675E8BB}.Debug|iPhoneSimulator.Build.0 = Debug|x86
		{156A8AB1-ACC9-4357-BD9B-896A1675E8BB}.Debug|iPhoneSimulator.Deploy.0 = Debug|x86
		{156A8AB1-ACC9-4357-BD9B-896A1675E8BB}.Debug|x64.ActiveCfg = Debug|x64
		{156A8AB1-ACC9-4357-BD9B-896A1675E8BB}.Debug|x64.Build.0 = Debug|x64
		{156A8AB1-ACC9-4357-BD9B-896A1675E8BB}.Debug|x64.Deploy.0 = Debug|x64
		{156A8AB1-ACC9-4357-BD9B-896A1675E8BB}.Debug|x86.ActiveCfg = Debug|x86
		{156A8AB1-ACC9-4357-BD9B-896A1675E8BB}.Debug|x86.Build.0 = Debug|x86
		{156A8AB1-ACC9-4357-BD9B-896A1675E8BB}.Debug|x86.Deploy.0 = Debug|x86
		{156A8AB1-ACC9-4357-BD9B-896A1675E8BB}.Release|Any CPU.ActiveCfg = Release|x86
		{156A8AB1-ACC9-4357-BD9B-896A1675E8BB}.Release|Any CPU.Build.0 = Release|x86
		{156A8AB1-ACC9-4357-BD9B-896A1675E8BB}.Release|Any CPU.Deploy.0 = Release|x86
		{156A8AB1-ACC9-4357-BD9B-896A1675E8BB}.Release|ARM.ActiveCfg = Release|ARM
		{156A8AB1-ACC9-4357-BD9B-896A1675E8BB}.Release|ARM.Build.0 = Release|ARM
		{156A8AB1-ACC9-4357-BD9B-896A1675E8BB}.Release|ARM.Deploy.0 = Release|ARM
		{156A8AB1-ACC9-4357-BD9B-896A1675E8BB}.Release|iPhone.ActiveCfg = Release|x86
		{156A8AB1-ACC9-4357-BD9B-896A1675E8BB}.Release|iPhone.Build.0 = Release|x86
		{156A8AB1-ACC9-4357-BD9B-896A1675E8BB}.Release|iPhone.Deploy.0 = Release|x86
		{156A8AB1-ACC9-4357-BD9B-896A1675E8BB}.Release|iPhoneSimulator.ActiveCfg = Release|x86
		{156A8AB1-ACC9-4357-BD9B-896A1675E8BB}.Release|iPhoneSimulator.Build.0 = Release|x86
		{156A8AB1-ACC9-4357-BD9B-896A1675E8BB}.Release|iPhoneSimulator.Deploy.0 = Release|x86
		{156A8AB1-ACC9-4357-BD9B-896A1675E8BB}.Release|x64.ActiveCfg = Release|x64
		{156A8AB1-ACC9-4357-BD9B-896A1675E8BB}.Release|x64.Build.0 = Release|x64
		{156A8AB1-ACC9-4357-BD9B-896A1675E8BB}.Release|x64.Deploy.0 = Release|x64
		{156A8AB1-ACC9-4357-BD9B-896A1675E8BB}.Release|x86.ActiveCfg = Release|x86
		{156A8AB1-ACC9-4357-BD9B-896A1675E8BB}.Release|x86.Build.0 = Release|x86
		{156A8AB1-ACC9-4357-BD9B-896A1675E8BB}.Release|x86.Deploy.0 = Release|x86
		{B08077E9-471E-4EBB-9308-6561CBD1C1D9}.Debug|Any CPU.ActiveCfg = Debug|Any CPU
		{B08077E9-471E-4EBB-9308-6561CBD1C1D9}.Debug|Any CPU.Build.0 = Debug|Any CPU
		{B08077E9-471E-4EBB-9308-6561CBD1C1D9}.Debug|Any CPU.Deploy.0 = Debug|Any CPU
		{B08077E9-471E-4EBB-9308-6561CBD1C1D9}.Debug|ARM.ActiveCfg = Debug|Any CPU
		{B08077E9-471E-4EBB-9308-6561CBD1C1D9}.Debug|ARM.Build.0 = Debug|Any CPU
		{B08077E9-471E-4EBB-9308-6561CBD1C1D9}.Debug|ARM.Deploy.0 = Debug|Any CPU
		{B08077E9-471E-4EBB-9308-6561CBD1C1D9}.Debug|iPhone.ActiveCfg = Debug|Any CPU
		{B08077E9-471E-4EBB-9308-6561CBD1C1D9}.Debug|iPhone.Build.0 = Debug|Any CPU
		{B08077E9-471E-4EBB-9308-6561CBD1C1D9}.Debug|iPhone.Deploy.0 = Debug|Any CPU
		{B08077E9-471E-4EBB-9308-6561CBD1C1D9}.Debug|iPhoneSimulator.ActiveCfg = Debug|Any CPU
		{B08077E9-471E-4EBB-9308-6561CBD1C1D9}.Debug|iPhoneSimulator.Build.0 = Debug|Any CPU
		{B08077E9-471E-4EBB-9308-6561CBD1C1D9}.Debug|iPhoneSimulator.Deploy.0 = Debug|Any CPU
		{B08077E9-471E-4EBB-9308-6561CBD1C1D9}.Debug|x64.ActiveCfg = Debug|Any CPU
		{B08077E9-471E-4EBB-9308-6561CBD1C1D9}.Debug|x64.Build.0 = Debug|Any CPU
		{B08077E9-471E-4EBB-9308-6561CBD1C1D9}.Debug|x64.Deploy.0 = Debug|Any CPU
		{B08077E9-471E-4EBB-9308-6561CBD1C1D9}.Debug|x86.ActiveCfg = Debug|Any CPU
		{B08077E9-471E-4EBB-9308-6561CBD1C1D9}.Debug|x86.Build.0 = Debug|Any CPU
		{B08077E9-471E-4EBB-9308-6561CBD1C1D9}.Debug|x86.Deploy.0 = Debug|Any CPU
		{B08077E9-471E-4EBB-9308-6561CBD1C1D9}.Release|Any CPU.ActiveCfg = Release|Any CPU
		{B08077E9-471E-4EBB-9308-6561CBD1C1D9}.Release|Any CPU.Build.0 = Release|Any CPU
		{B08077E9-471E-4EBB-9308-6561CBD1C1D9}.Release|Any CPU.Deploy.0 = Release|Any CPU
		{B08077E9-471E-4EBB-9308-6561CBD1C1D9}.Release|ARM.ActiveCfg = Release|Any CPU
		{B08077E9-471E-4EBB-9308-6561CBD1C1D9}.Release|ARM.Build.0 = Release|Any CPU
		{B08077E9-471E-4EBB-9308-6561CBD1C1D9}.Release|ARM.Deploy.0 = Release|Any CPU
		{B08077E9-471E-4EBB-9308-6561CBD1C1D9}.Release|iPhone.ActiveCfg = Release|Any CPU
		{B08077E9-471E-4EBB-9308-6561CBD1C1D9}.Release|iPhone.Build.0 = Release|Any CPU
		{B08077E9-471E-4EBB-9308-6561CBD1C1D9}.Release|iPhone.Deploy.0 = Release|Any CPU
		{B08077E9-471E-4EBB-9308-6561CBD1C1D9}.Release|iPhoneSimulator.ActiveCfg = Release|Any CPU
		{B08077E9-471E-4EBB-9308-6561CBD1C1D9}.Release|iPhoneSimulator.Build.0 = Release|Any CPU
		{B08077E9-471E-4EBB-9308-6561CBD1C1D9}.Release|iPhoneSimulator.Deploy.0 = Release|Any CPU
		{B08077E9-471E-4EBB-9308-6561CBD1C1D9}.Release|x64.ActiveCfg = Release|Any CPU
		{B08077E9-471E-4EBB-9308-6561CBD1C1D9}.Release|x64.Build.0 = Release|Any CPU
		{B08077E9-471E-4EBB-9308-6561CBD1C1D9}.Release|x64.Deploy.0 = Release|Any CPU
		{B08077E9-471E-4EBB-9308-6561CBD1C1D9}.Release|x86.ActiveCfg = Release|Any CPU
		{B08077E9-471E-4EBB-9308-6561CBD1C1D9}.Release|x86.Build.0 = Release|Any CPU
		{B08077E9-471E-4EBB-9308-6561CBD1C1D9}.Release|x86.Deploy.0 = Release|Any CPU
		{EFAA94A5-65B1-4D72-91E4-42435010317F}.Debug|Any CPU.ActiveCfg = Debug|iPhone
		{EFAA94A5-65B1-4D72-91E4-42435010317F}.Debug|Any CPU.Build.0 = Debug|iPhone
		{EFAA94A5-65B1-4D72-91E4-42435010317F}.Debug|Any CPU.Deploy.0 = Debug|iPhone
		{EFAA94A5-65B1-4D72-91E4-42435010317F}.Debug|ARM.ActiveCfg = Debug|iPhone
		{EFAA94A5-65B1-4D72-91E4-42435010317F}.Debug|ARM.Build.0 = Debug|iPhone
		{EFAA94A5-65B1-4D72-91E4-42435010317F}.Debug|ARM.Deploy.0 = Debug|iPhone
		{EFAA94A5-65B1-4D72-91E4-42435010317F}.Debug|iPhone.ActiveCfg = Debug|iPhone
		{EFAA94A5-65B1-4D72-91E4-42435010317F}.Debug|iPhone.Build.0 = Debug|iPhone
		{EFAA94A5-65B1-4D72-91E4-42435010317F}.Debug|iPhone.Deploy.0 = Debug|iPhone
		{EFAA94A5-65B1-4D72-91E4-42435010317F}.Debug|iPhoneSimulator.ActiveCfg = Debug|iPhoneSimulator
		{EFAA94A5-65B1-4D72-91E4-42435010317F}.Debug|iPhoneSimulator.Build.0 = Debug|iPhoneSimulator
		{EFAA94A5-65B1-4D72-91E4-42435010317F}.Debug|iPhoneSimulator.Deploy.0 = Debug|iPhoneSimulator
		{EFAA94A5-65B1-4D72-91E4-42435010317F}.Debug|x64.ActiveCfg = Debug|iPhone
		{EFAA94A5-65B1-4D72-91E4-42435010317F}.Debug|x64.Build.0 = Debug|iPhone
		{EFAA94A5-65B1-4D72-91E4-42435010317F}.Debug|x64.Deploy.0 = Debug|iPhone
		{EFAA94A5-65B1-4D72-91E4-42435010317F}.Debug|x86.ActiveCfg = Debug|iPhone
		{EFAA94A5-65B1-4D72-91E4-42435010317F}.Debug|x86.Build.0 = Debug|iPhone
		{EFAA94A5-65B1-4D72-91E4-42435010317F}.Debug|x86.Deploy.0 = Debug|iPhone
		{EFAA94A5-65B1-4D72-91E4-42435010317F}.Release|Any CPU.ActiveCfg = Release|iPhone
		{EFAA94A5-65B1-4D72-91E4-42435010317F}.Release|Any CPU.Build.0 = Release|iPhone
		{EFAA94A5-65B1-4D72-91E4-42435010317F}.Release|Any CPU.Deploy.0 = Release|iPhone
		{EFAA94A5-65B1-4D72-91E4-42435010317F}.Release|ARM.ActiveCfg = Release|iPhone
		{EFAA94A5-65B1-4D72-91E4-42435010317F}.Release|ARM.Build.0 = Release|iPhone
		{EFAA94A5-65B1-4D72-91E4-42435010317F}.Release|ARM.Deploy.0 = Release|iPhone
		{EFAA94A5-65B1-4D72-91E4-42435010317F}.Release|iPhone.ActiveCfg = Release|iPhone
		{EFAA94A5-65B1-4D72-91E4-42435010317F}.Release|iPhone.Build.0 = Release|iPhone
		{EFAA94A5-65B1-4D72-91E4-42435010317F}.Release|iPhone.Deploy.0 = Release|iPhone
		{EFAA94A5-65B1-4D72-91E4-42435010317F}.Release|iPhoneSimulator.ActiveCfg = Release|iPhoneSimulator
		{EFAA94A5-65B1-4D72-91E4-42435010317F}.Release|iPhoneSimulator.Build.0 = Release|iPhoneSimulator
		{EFAA94A5-65B1-4D72-91E4-42435010317F}.Release|iPhoneSimulator.Deploy.0 = Release|iPhoneSimulator
		{EFAA94A5-65B1-4D72-91E4-42435010317F}.Release|x64.ActiveCfg = Release|iPhone
		{EFAA94A5-65B1-4D72-91E4-42435010317F}.Release|x64.Build.0 = Release|iPhone
		{EFAA94A5-65B1-4D72-91E4-42435010317F}.Release|x64.Deploy.0 = Release|iPhone
		{EFAA94A5-65B1-4D72-91E4-42435010317F}.Release|x86.ActiveCfg = Release|iPhone
		{EFAA94A5-65B1-4D72-91E4-42435010317F}.Release|x86.Build.0 = Release|iPhone
		{EFAA94A5-65B1-4D72-91E4-42435010317F}.Release|x86.Deploy.0 = Release|iPhone
		{E98E1333-2FB9-479A-95D7-735721122883}.Debug|Any CPU.ActiveCfg = Debug|Any CPU
		{E98E1333-2FB9-479A-95D7-735721122883}.Debug|Any CPU.Build.0 = Debug|Any CPU
		{E98E1333-2FB9-479A-95D7-735721122883}.Debug|Any CPU.Deploy.0 = Debug|Any CPU
		{E98E1333-2FB9-479A-95D7-735721122883}.Debug|ARM.ActiveCfg = Debug|Any CPU
		{E98E1333-2FB9-479A-95D7-735721122883}.Debug|ARM.Build.0 = Debug|Any CPU
		{E98E1333-2FB9-479A-95D7-735721122883}.Debug|ARM.Deploy.0 = Debug|Any CPU
		{E98E1333-2FB9-479A-95D7-735721122883}.Debug|iPhone.ActiveCfg = Debug|Any CPU
		{E98E1333-2FB9-479A-95D7-735721122883}.Debug|iPhone.Build.0 = Debug|Any CPU
		{E98E1333-2FB9-479A-95D7-735721122883}.Debug|iPhone.Deploy.0 = Debug|Any CPU
		{E98E1333-2FB9-479A-95D7-735721122883}.Debug|iPhoneSimulator.ActiveCfg = Debug|Any CPU
		{E98E1333-2FB9-479A-95D7-735721122883}.Debug|iPhoneSimulator.Build.0 = Debug|Any CPU
		{E98E1333-2FB9-479A-95D7-735721122883}.Debug|iPhoneSimulator.Deploy.0 = Debug|Any CPU
		{E98E1333-2FB9-479A-95D7-735721122883}.Debug|x64.ActiveCfg = Debug|Any CPU
		{E98E1333-2FB9-479A-95D7-735721122883}.Debug|x64.Build.0 = Debug|Any CPU
		{E98E1333-2FB9-479A-95D7-735721122883}.Debug|x64.Deploy.0 = Debug|Any CPU
		{E98E1333-2FB9-479A-95D7-735721122883}.Debug|x86.ActiveCfg = Debug|Any CPU
		{E98E1333-2FB9-479A-95D7-735721122883}.Debug|x86.Build.0 = Debug|Any CPU
		{E98E1333-2FB9-479A-95D7-735721122883}.Debug|x86.Deploy.0 = Debug|Any CPU
		{E98E1333-2FB9-479A-95D7-735721122883}.Release|Any CPU.ActiveCfg = Release|Any CPU
		{E98E1333-2FB9-479A-95D7-735721122883}.Release|Any CPU.Build.0 = Release|Any CPU
		{E98E1333-2FB9-479A-95D7-735721122883}.Release|Any CPU.Deploy.0 = Release|Any CPU
		{E98E1333-2FB9-479A-95D7-735721122883}.Release|ARM.ActiveCfg = Release|Any CPU
		{E98E1333-2FB9-479A-95D7-735721122883}.Release|ARM.Build.0 = Release|Any CPU
		{E98E1333-2FB9-479A-95D7-735721122883}.Release|ARM.Deploy.0 = Release|Any CPU
		{E98E1333-2FB9-479A-95D7-735721122883}.Release|iPhone.ActiveCfg = Release|Any CPU
		{E98E1333-2FB9-479A-95D7-735721122883}.Release|iPhone.Build.0 = Release|Any CPU
		{E98E1333-2FB9-479A-95D7-735721122883}.Release|iPhone.Deploy.0 = Release|Any CPU
		{E98E1333-2FB9-479A-95D7-735721122883}.Release|iPhoneSimulator.ActiveCfg = Release|Any CPU
		{E98E1333-2FB9-479A-95D7-735721122883}.Release|iPhoneSimulator.Build.0 = Release|Any CPU
		{E98E1333-2FB9-479A-95D7-735721122883}.Release|iPhoneSimulator.Deploy.0 = Release|Any CPU
		{E98E1333-2FB9-479A-95D7-735721122883}.Release|x64.ActiveCfg = Release|Any CPU
		{E98E1333-2FB9-479A-95D7-735721122883}.Release|x64.Build.0 = Release|Any CPU
		{E98E1333-2FB9-479A-95D7-735721122883}.Release|x64.Deploy.0 = Release|Any CPU
		{E98E1333-2FB9-479A-95D7-735721122883}.Release|x86.ActiveCfg = Release|Any CPU
		{E98E1333-2FB9-479A-95D7-735721122883}.Release|x86.Build.0 = Release|Any CPU
		{E98E1333-2FB9-479A-95D7-735721122883}.Release|x86.Deploy.0 = Release|Any CPU
	EndGlobalSection
	GlobalSection(SolutionProperties) = preSolution
		HideSolutionNode = FALSE
	EndGlobalSection
	GlobalSection(ExtensibilityGlobals) = postSolution
		SolutionGuid = {8F2740DA-2551-411E-B4F5-81F228FDB7D8}
	EndGlobalSection
EndGlobal
